
Microsoft Visual Studio Solution File, Format Version 12.00
# Visual Studio Version 16
VisualStudioVersion = 16.0.28803.202
MinimumVisualStudioVersion = 10.0.40219.1
Project("{FAE04EC0-301F-11D3-BF4B-00C04F79EFBC}") = "Amazon", "Amazon\Amazon.csproj", "{92995BC1-39F2-4241-9D8B-233D4055905F}"
EndProject
Global
	GlobalSection(SolutionConfigurationPlatforms) = preSolution
		Debug|Any CPU = Debug|Any CPU
		Release|Any CPU = Release|Any CPU
	EndGlobalSection
	GlobalSection(ProjectConfigurationPlatforms) = postSolution
		{92995BC1-39F2-4241-9D8B-233D4055905F}.Debug|Any CPU.ActiveCfg = Debug|Any CPU
		{92995BC1-39F2-4241-9D8B-233D4055905F}.Debug|Any CPU.Build.0 = Debug|Any CPU
		{92995BC1-39F2-4241-9D8B-233D4055905F}.Release|Any CPU.ActiveCfg = Release|Any CPU
		{92995BC1-39F2-4241-9D8B-233D4055905F}.Release|Any CPU.Build.0 = Release|Any CPU
	EndGlobalSection
	GlobalSection(SolutionProperties) = preSolution
		HideSolutionNode = FALSE
	EndGlobalSection
	GlobalSection(ExtensibilityGlobals) = postSolution
		SolutionGuid = {5DC8C339-C400-4AD5-B74C-26B8EFEE9B9A}
	EndGlobalSection
EndGlobal
